
Microsoft Visual Studio Solution File, Format Version 12.00
# Visual Studio 14
VisualStudioVersion = 14.0.25420.1
MinimumVisualStudioVersion = 10.0.40219.1
Project("{FAE04EC0-301F-11D3-BF4B-00C04F79EFBC}") = "WPFSKillTree", "WPFSKillTree\WPFSKillTree.csproj", "{FCDA18D8-4FD9-484B-B7DC-DBF771B3AEC7}"
EndProject
Project("{FAE04EC0-301F-11D3-BF4B-00C04F79EFBC}") = "UnitTests", "UnitTests\UnitTests.csproj", "{494FD68A-38A7-4EEB-867A-44C2CDE13836}"
EndProject
Project("{FAE04EC0-301F-11D3-BF4B-00C04F79EFBC}") = "UpdateDB", "UpdateDB\UpdateDB.csproj", "{E69F0C33-980E-4A6B-BAEA-B8D41A93A481}"
EndProject
Global
	GlobalSection(SolutionConfigurationPlatforms) = preSolution
		Debug|Any CPU = Debug|Any CPU
		Debug|x64 = Debug|x64
		Debug|x86 = Debug|x86
		DebugAlternativeTypesPlusGUI|Any CPU = DebugAlternativeTypesPlusGUI|Any CPU
		DebugAlternativeTypesPlusGUI|x64 = DebugAlternativeTypesPlusGUI|x64
		DebugAlternativeTypesPlusGUI|x86 = DebugAlternativeTypesPlusGUI|x86
		ExtendedFeaturesDebug|Any CPU = ExtendedFeaturesDebug|Any CPU
		ExtendedFeaturesDebug|x64 = ExtendedFeaturesDebug|x64
		ExtendedFeaturesDebug|x86 = ExtendedFeaturesDebug|x86
		ExtendedFeaturesRelease|Any CPU = ExtendedFeaturesRelease|Any CPU
		ExtendedFeaturesRelease|x64 = ExtendedFeaturesRelease|x64
		ExtendedFeaturesRelease|x86 = ExtendedFeaturesRelease|x86
		Release|Any CPU = Release|Any CPU
		Release|x64 = Release|x64
		Release|x86 = Release|x86
		ReleaseAlternativeTypesPlusGUI|Any CPU = ReleaseAlternativeTypesPlusGUI|Any CPU
		ReleaseAlternativeTypesPlusGUI|x64 = ReleaseAlternativeTypesPlusGUI|x64
		ReleaseAlternativeTypesPlusGUI|x86 = ReleaseAlternativeTypesPlusGUI|x86
	EndGlobalSection
	GlobalSection(ProjectConfigurationPlatforms) = postSolution
		{FCDA18D8-4FD9-484B-B7DC-DBF771B3AEC7}.Debug|Any CPU.ActiveCfg = DebugAlternativeTypesPlusGUI|Any CPU
		{FCDA18D8-4FD9-484B-B7DC-DBF771B3AEC7}.Debug|Any CPU.Build.0 = DebugAlternativeTypesPlusGUI|Any CPU
		{FCDA18D8-4FD9-484B-B7DC-DBF771B3AEC7}.Debug|x64.ActiveCfg = DebugAlternativeTypesPlusGUI|x64
		{FCDA18D8-4FD9-484B-B7DC-DBF771B3AEC7}.Debug|x64.Build.0 = DebugAlternativeTypesPlusGUI|x64
		{FCDA18D8-4FD9-484B-B7DC-DBF771B3AEC7}.Debug|x86.ActiveCfg = DebugAlternativeTypesPlusGUI|x86
		{FCDA18D8-4FD9-484B-B7DC-DBF771B3AEC7}.Debug|x86.Build.0 = DebugAlternativeTypesPlusGUI|x86
		{FCDA18D8-4FD9-484B-B7DC-DBF771B3AEC7}.DebugAlternativeTypesPlusGUI|Any CPU.ActiveCfg = DebugAlternativeTypesPlusGUI|Any CPU
		{FCDA18D8-4FD9-484B-B7DC-DBF771B3AEC7}.DebugAlternativeTypesPlusGUI|Any CPU.Build.0 = DebugAlternativeTypesPlusGUI|Any CPU
		{FCDA18D8-4FD9-484B-B7DC-DBF771B3AEC7}.DebugAlternativeTypesPlusGUI|x64.ActiveCfg = DebugAlternativeTypesPlusGUI|x64
		{FCDA18D8-4FD9-484B-B7DC-DBF771B3AEC7}.DebugAlternativeTypesPlusGUI|x64.Build.0 = DebugAlternativeTypesPlusGUI|x64
		{FCDA18D8-4FD9-484B-B7DC-DBF771B3AEC7}.DebugAlternativeTypesPlusGUI|x86.ActiveCfg = DebugAlternativeTypesPlusGUI|x86
		{FCDA18D8-4FD9-484B-B7DC-DBF771B3AEC7}.DebugAlternativeTypesPlusGUI|x86.Build.0 = DebugAlternativeTypesPlusGUI|x86
		{FCDA18D8-4FD9-484B-B7DC-DBF771B3AEC7}.ExtendedFeaturesDebug|Any CPU.ActiveCfg = ExtendedFeaturesDebug|Any CPU
		{FCDA18D8-4FD9-484B-B7DC-DBF771B3AEC7}.ExtendedFeaturesDebug|Any CPU.Build.0 = ExtendedFeaturesDebug|Any CPU
		{FCDA18D8-4FD9-484B-B7DC-DBF771B3AEC7}.ExtendedFeaturesDebug|x64.ActiveCfg = ExtendedFeaturesDebug|x64
		{FCDA18D8-4FD9-484B-B7DC-DBF771B3AEC7}.ExtendedFeaturesDebug|x64.Build.0 = ExtendedFeaturesDebug|x64
		{FCDA18D8-4FD9-484B-B7DC-DBF771B3AEC7}.ExtendedFeaturesDebug|x86.ActiveCfg = ExtendedFeaturesDebug|x86
		{FCDA18D8-4FD9-484B-B7DC-DBF771B3AEC7}.ExtendedFeaturesDebug|x86.Build.0 = ExtendedFeaturesDebug|x86
		{FCDA18D8-4FD9-484B-B7DC-DBF771B3AEC7}.ExtendedFeaturesRelease|Any CPU.ActiveCfg = ExtendedFeaturesRelease|Any CPU
		{FCDA18D8-4FD9-484B-B7DC-DBF771B3AEC7}.ExtendedFeaturesRelease|Any CPU.Build.0 = ExtendedFeaturesRelease|Any CPU
		{FCDA18D8-4FD9-484B-B7DC-DBF771B3AEC7}.ExtendedFeaturesRelease|x64.ActiveCfg = ExtendedFeaturesRelease|x64
		{FCDA18D8-4FD9-484B-B7DC-DBF771B3AEC7}.ExtendedFeaturesRelease|x64.Build.0 = ExtendedFeaturesRelease|x64
		{FCDA18D8-4FD9-484B-B7DC-DBF771B3AEC7}.ExtendedFeaturesRelease|x86.ActiveCfg = ExtendedFeaturesRelease|x86
		{FCDA18D8-4FD9-484B-B7DC-DBF771B3AEC7}.ExtendedFeaturesRelease|x86.Build.0 = ExtendedFeaturesRelease|x86
		{FCDA18D8-4FD9-484B-B7DC-DBF771B3AEC7}.Release|Any CPU.ActiveCfg = Release|Any CPU
		{FCDA18D8-4FD9-484B-B7DC-DBF771B3AEC7}.Release|Any CPU.Build.0 = Release|Any CPU
		{FCDA18D8-4FD9-484B-B7DC-DBF771B3AEC7}.Release|x64.ActiveCfg = Release|x64
		{FCDA18D8-4FD9-484B-B7DC-DBF771B3AEC7}.Release|x64.Build.0 = Release|x64
		{FCDA18D8-4FD9-484B-B7DC-DBF771B3AEC7}.Release|x86.ActiveCfg = Release|x86
		{FCDA18D8-4FD9-484B-B7DC-DBF771B3AEC7}.Release|x86.Build.0 = Release|x86
		{FCDA18D8-4FD9-484B-B7DC-DBF771B3AEC7}.ReleaseAlternativeTypesPlusGUI|Any CPU.ActiveCfg = ReleaseAlternativeTypesPlusGUI|Any CPU
		{FCDA18D8-4FD9-484B-B7DC-DBF771B3AEC7}.ReleaseAlternativeTypesPlusGUI|Any CPU.Build.0 = ReleaseAlternativeTypesPlusGUI|Any CPU
		{FCDA18D8-4FD9-484B-B7DC-DBF771B3AEC7}.ReleaseAlternativeTypesPlusGUI|x64.ActiveCfg = ReleaseAlternativeTypesPlusGUI|x64
		{FCDA18D8-4FD9-484B-B7DC-DBF771B3AEC7}.ReleaseAlternativeTypesPlusGUI|x64.Build.0 = ReleaseAlternativeTypesPlusGUI|x64
		{FCDA18D8-4FD9-484B-B7DC-DBF771B3AEC7}.ReleaseAlternativeTypesPlusGUI|x86.ActiveCfg = ReleaseAlternativeTypesPlusGUI|x86
		{FCDA18D8-4FD9-484B-B7DC-DBF771B3AEC7}.ReleaseAlternativeTypesPlusGUI|x86.Build.0 = ReleaseAlternativeTypesPlusGUI|x86
		{494FD68A-38A7-4EEB-867A-44C2CDE13836}.Debug|Any CPU.ActiveCfg = DebugAlternativeTypesPlusGUI|Any CPU
		{494FD68A-38A7-4EEB-867A-44C2CDE13836}.Debug|Any CPU.Build.0 = DebugAlternativeTypesPlusGUI|Any CPU
		{494FD68A-38A7-4EEB-867A-44C2CDE13836}.Debug|x64.ActiveCfg = DebugAlternativeTypesPlusGUI|x64
		{494FD68A-38A7-4EEB-867A-44C2CDE13836}.Debug|x64.Build.0 = DebugAlternativeTypesPlusGUI|x64
		{494FD68A-38A7-4EEB-867A-44C2CDE13836}.Debug|x86.ActiveCfg = DebugAlternativeTypesPlusGUI|x86
		{494FD68A-38A7-4EEB-867A-44C2CDE13836}.Debug|x86.Build.0 = DebugAlternativeTypesPlusGUI|x86
		{494FD68A-38A7-4EEB-867A-44C2CDE13836}.DebugAlternativeTypesPlusGUI|Any CPU.ActiveCfg = DebugAlternativeTypesPlusGUI|Any CPU
		{494FD68A-38A7-4EEB-867A-44C2CDE13836}.DebugAlternativeTypesPlusGUI|Any CPU.Build.0 = DebugAlternativeTypesPlusGUI|Any CPU
		{494FD68A-38A7-4EEB-867A-44C2CDE13836}.DebugAlternativeTypesPlusGUI|x64.ActiveCfg = DebugAlternativeTypesPlusGUI|x64
		{494FD68A-38A7-4EEB-867A-44C2CDE13836}.DebugAlternativeTypesPlusGUI|x64.Build.0 = DebugAlternativeTypesPlusGUI|x64
		{494FD68A-38A7-4EEB-867A-44C2CDE13836}.DebugAlternativeTypesPlusGUI|x86.ActiveCfg = DebugAlternativeTypesPlusGUI|x86
		{494FD68A-38A7-4EEB-867A-44C2CDE13836}.DebugAlternativeTypesPlusGUI|x86.Build.0 = DebugAlternativeTypesPlusGUI|x86
		{494FD68A-38A7-4EEB-867A-44C2CDE13836}.ExtendedFeaturesDebug|Any CPU.ActiveCfg = ExtendedFeaturesDebug|Any CPU
		{494FD68A-38A7-4EEB-867A-44C2CDE13836}.ExtendedFeaturesDebug|Any CPU.Build.0 = ExtendedFeaturesDebug|Any CPU
		{494FD68A-38A7-4EEB-867A-44C2CDE13836}.ExtendedFeaturesDebug|x64.ActiveCfg = ExtendedFeaturesDebug|x64
		{494FD68A-38A7-4EEB-867A-44C2CDE13836}.ExtendedFeaturesDebug|x64.Build.0 = ExtendedFeaturesDebug|x64
		{494FD68A-38A7-4EEB-867A-44C2CDE13836}.ExtendedFeaturesDebug|x86.ActiveCfg = ExtendedFeaturesDebug|x86
		{494FD68A-38A7-4EEB-867A-44C2CDE13836}.ExtendedFeaturesDebug|x86.Build.0 = ExtendedFeaturesDebug|x86
		{494FD68A-38A7-4EEB-867A-44C2CDE13836}.ExtendedFeaturesRelease|Any CPU.ActiveCfg = ExtendedFeaturesRelease|Any CPU
		{494FD68A-38A7-4EEB-867A-44C2CDE13836}.ExtendedFeaturesRelease|Any CPU.Build.0 = ExtendedFeaturesRelease|Any CPU
		{494FD68A-38A7-4EEB-867A-44C2CDE13836}.ExtendedFeaturesRelease|x64.ActiveCfg = ExtendedFeaturesRelease|x64
		{494FD68A-38A7-4EEB-867A-44C2CDE13836}.ExtendedFeaturesRelease|x64.Build.0 = ExtendedFeaturesRelease|x64
		{494FD68A-38A7-4EEB-867A-44C2CDE13836}.ExtendedFeaturesRelease|x86.ActiveCfg = ExtendedFeaturesRelease|x86
		{494FD68A-38A7-4EEB-867A-44C2CDE13836}.ExtendedFeaturesRelease|x86.Build.0 = ExtendedFeaturesRelease|x86
		{494FD68A-38A7-4EEB-867A-44C2CDE13836}.Release|Any CPU.ActiveCfg = Release|Any CPU
		{494FD68A-38A7-4EEB-867A-44C2CDE13836}.Release|Any CPU.Build.0 = Release|Any CPU
		{494FD68A-38A7-4EEB-867A-44C2CDE13836}.Release|x64.ActiveCfg = Release|x86
		{494FD68A-38A7-4EEB-867A-44C2CDE13836}.Release|x64.Build.0 = Release|x86
		{494FD68A-38A7-4EEB-867A-44C2CDE13836}.Release|x86.ActiveCfg = Release|x86
		{494FD68A-38A7-4EEB-867A-44C2CDE13836}.Release|x86.Build.0 = Release|x86
		{494FD68A-38A7-4EEB-867A-44C2CDE13836}.ReleaseAlternativeTypesPlusGUI|Any CPU.ActiveCfg = ReleaseAlternativeTypesPlusGUI|Any CPU
		{494FD68A-38A7-4EEB-867A-44C2CDE13836}.ReleaseAlternativeTypesPlusGUI|Any CPU.Build.0 = ReleaseAlternativeTypesPlusGUI|Any CPU
		{494FD68A-38A7-4EEB-867A-44C2CDE13836}.ReleaseAlternativeTypesPlusGUI|x64.ActiveCfg = ReleaseAlternativeTypesPlusGUI|x64
		{494FD68A-38A7-4EEB-867A-44C2CDE13836}.ReleaseAlternativeTypesPlusGUI|x64.Build.0 = ReleaseAlternativeTypesPlusGUI|x64
		{494FD68A-38A7-4EEB-867A-44C2CDE13836}.ReleaseAlternativeTypesPlusGUI|x86.ActiveCfg = ReleaseAlternativeTypesPlusGUI|x86
		{494FD68A-38A7-4EEB-867A-44C2CDE13836}.ReleaseAlternativeTypesPlusGUI|x86.Build.0 = ReleaseAlternativeTypesPlusGUI|x86
		{E69F0C33-980E-4A6B-BAEA-B8D41A93A481}.Debug|Any CPU.ActiveCfg = DebugAlternativeTypesPlusGUI|Any CPU
		{E69F0C33-980E-4A6B-BAEA-B8D41A93A481}.Debug|Any CPU.Build.0 = DebugAlternativeTypesPlusGUI|Any CPU
		{E69F0C33-980E-4A6B-BAEA-B8D41A93A481}.Debug|x64.ActiveCfg = DebugAlternativeTypesPlusGUI|x64
		{E69F0C33-980E-4A6B-BAEA-B8D41A93A481}.Debug|x64.Build.0 = DebugAlternativeTypesPlusGUI|x64
		{E69F0C33-980E-4A6B-BAEA-B8D41A93A481}.Debug|x86.ActiveCfg = DebugAlternativeTypesPlusGUI|x86
		{E69F0C33-980E-4A6B-BAEA-B8D41A93A481}.Debug|x86.Build.0 = DebugAlternativeTypesPlusGUI|x86
		{E69F0C33-980E-4A6B-BAEA-B8D41A93A481}.DebugAlternativeTypesPlusGUI|Any CPU.ActiveCfg = DebugAlternativeTypesPlusGUI|Any CPU
		{E69F0C33-980E-4A6B-BAEA-B8D41A93A481}.DebugAlternativeTypesPlusGUI|Any CPU.Build.0 = DebugAlternativeTypesPlusGUI|Any CPU
		{E69F0C33-980E-4A6B-BAEA-B8D41A93A481}.DebugAlternativeTypesPlusGUI|x64.ActiveCfg = DebugAlternativeTypesPlusGUI|x64
		{E69F0C33-980E-4A6B-BAEA-B8D41A93A481}.DebugAlternativeTypesPlusGUI|x64.Build.0 = DebugAlternativeTypesPlusGUI|x64
		{E69F0C33-980E-4A6B-BAEA-B8D41A93A481}.DebugAlternativeTypesPlusGUI|x86.ActiveCfg = DebugAlternativeTypesPlusGUI|x86
		{E69F0C33-980E-4A6B-BAEA-B8D41A93A481}.DebugAlternativeTypesPlusGUI|x86.Build.0 = DebugAlternativeTypesPlusGUI|x86
		{E69F0C33-980E-4A6B-BAEA-B8D41A93A481}.ExtendedFeaturesDebug|Any CPU.ActiveCfg = ExtendedFeaturesDebug|Any CPU
		{E69F0C33-980E-4A6B-BAEA-B8D41A93A481}.ExtendedFeaturesDebug|Any CPU.Build.0 = ExtendedFeaturesDebug|Any CPU
		{E69F0C33-980E-4A6B-BAEA-B8D41A93A481}.ExtendedFeaturesDebug|x64.ActiveCfg = ExtendedFeaturesDebug|x64
		{E69F0C33-980E-4A6B-BAEA-B8D41A93A481}.ExtendedFeaturesDebug|x64.Build.0 = ExtendedFeaturesDebug|x64
		{E69F0C33-980E-4A6B-BAEA-B8D41A93A481}.ExtendedFeaturesDebug|x86.ActiveCfg = ExtendedFeaturesDebug|x86
		{E69F0C33-980E-4A6B-BAEA-B8D41A93A481}.ExtendedFeaturesDebug|x86.Build.0 = ExtendedFeaturesDebug|x86
		{E69F0C33-980E-4A6B-BAEA-B8D41A93A481}.ExtendedFeaturesRelease|Any CPU.ActiveCfg = ExtendedFeaturesRelease|Any CPU
		{E69F0C33-980E-4A6B-BAEA-B8D41A93A481}.ExtendedFeaturesRelease|Any CPU.Build.0 = ExtendedFeaturesRelease|Any CPU
		{E69F0C33-980E-4A6B-BAEA-B8D41A93A481}.ExtendedFeaturesRelease|x64.ActiveCfg = ExtendedFeaturesRelease|x64
		{E69F0C33-980E-4A6B-BAEA-B8D41A93A481}.ExtendedFeaturesRelease|x64.Build.0 = ExtendedFeaturesRelease|x64
		{E69F0C33-980E-4A6B-BAEA-B8D41A93A481}.ExtendedFeaturesRelease|x86.ActiveCfg = ExtendedFeaturesRelease|x86
		{E69F0C33-980E-4A6B-BAEA-B8D41A93A481}.ExtendedFeaturesRelease|x86.Build.0 = ExtendedFeaturesRelease|x86
		{E69F0C33-980E-4A6B-BAEA-B8D41A93A481}.Release|Any CPU.ActiveCfg = Release|Any CPU
		{E69F0C33-980E-4A6B-BAEA-B8D41A93A481}.Release|Any CPU.Build.0 = Release|Any CPU
		{E69F0C33-980E-4A6B-BAEA-B8D41A93A481}.Release|x64.ActiveCfg = Release|x86
		{E69F0C33-980E-4A6B-BAEA-B8D41A93A481}.Release|x64.Build.0 = Release|x86
		{E69F0C33-980E-4A6B-BAEA-B8D41A93A481}.Release|x86.ActiveCfg = Release|x86
		{E69F0C33-980E-4A6B-BAEA-B8D41A93A481}.Release|x86.Build.0 = Release|x86
		{E69F0C33-980E-4A6B-BAEA-B8D41A93A481}.ReleaseAlternativeTypesPlusGUI|Any CPU.ActiveCfg = ReleaseAlternativeTypesPlusGUI|Any CPU
		{E69F0C33-980E-4A6B-BAEA-B8D41A93A481}.ReleaseAlternativeTypesPlusGUI|Any CPU.Build.0 = ReleaseAlternativeTypesPlusGUI|Any CPU
		{E69F0C33-980E-4A6B-BAEA-B8D41A93A481}.ReleaseAlternativeTypesPlusGUI|x64.ActiveCfg = ReleaseAlternativeTypesPlusGUI|x64
		{E69F0C33-980E-4A6B-BAEA-B8D41A93A481}.ReleaseAlternativeTypesPlusGUI|x64.Build.0 = ReleaseAlternativeTypesPlusGUI|x64
		{E69F0C33-980E-4A6B-BAEA-B8D41A93A481}.ReleaseAlternativeTypesPlusGUI|x86.ActiveCfg = ReleaseAlternativeTypesPlusGUI|x86
		{E69F0C33-980E-4A6B-BAEA-B8D41A93A481}.ReleaseAlternativeTypesPlusGUI|x86.Build.0 = ReleaseAlternativeTypesPlusGUI|x86
	EndGlobalSection
	GlobalSection(SolutionProperties) = preSolution
		HideSolutionNode = FALSE
	EndGlobalSection
EndGlobal
