
Microsoft Visual Studio Solution File, Format Version 12.00
# Visual Studio 14
VisualStudioVersion = 14.0.25420.1
MinimumVisualStudioVersion = 10.0.40219.1
Project("{FAE04EC0-301F-11D3-BF4B-00C04F79EFBC}") = "WPFSKillTree", "WPFSKillTree\WPFSKillTree.csproj", "{FCDA18D8-4FD9-484B-B7DC-DBF771B3AEC7}"
EndProject
Project("{FAE04EC0-301F-11D3-BF4B-00C04F79EFBC}") = "UnitTests", "UnitTests\UnitTests.csproj", "{494FD68A-38A7-4EEB-867A-44C2CDE13836}"
EndProject
Project("{FAE04EC0-301F-11D3-BF4B-00C04F79EFBC}") = "UpdateDB", "UpdateDB\UpdateDB.csproj", "{E69F0C33-980E-4A6B-BAEA-B8D41A93A481}"
EndProject
Global
	GlobalSection(SolutionConfigurationPlatforms) = preSolution
		Debug|Any CPU = Debug|Any CPU
		Debug|x64 = Debug|x64
		Debug|x86 = Debug|x86
		Release|Any CPU = Release|Any CPU
		Release|x64 = Release|x64
		Release|x86 = Release|x86
	EndGlobalSection
	GlobalSection(ProjectConfigurationPlatforms) = postSolution
		{FCDA18D8-4FD9-484B-B7DC-DBF771B3AEC7}.Debug|Any CPU.ActiveCfg = Debug|x86
		{FCDA18D8-4FD9-484B-B7DC-DBF771B3AEC7}.Debug|Any CPU.Build.0 = Debug|x86
		{FCDA18D8-4FD9-484B-B7DC-DBF771B3AEC7}.Debug|x64.ActiveCfg = Debug|x86
		{FCDA18D8-4FD9-484B-B7DC-DBF771B3AEC7}.Debug|x64.Build.0 = Debug|x86
		{FCDA18D8-4FD9-484B-B7DC-DBF771B3AEC7}.Debug|x86.ActiveCfg = Debug|x86
		{FCDA18D8-4FD9-484B-B7DC-DBF771B3AEC7}.Debug|x86.Build.0 = Debug|x86
		{FCDA18D8-4FD9-484B-B7DC-DBF771B3AEC7}.Release|Any CPU.ActiveCfg = Debug|x86
		{FCDA18D8-4FD9-484B-B7DC-DBF771B3AEC7}.Release|Any CPU.Build.0 = Debug|x86
		{FCDA18D8-4FD9-484B-B7DC-DBF771B3AEC7}.Release|x64.ActiveCfg = Debug|x86
		{FCDA18D8-4FD9-484B-B7DC-DBF771B3AEC7}.Release|x64.Build.0 = Debug|x86
		{FCDA18D8-4FD9-484B-B7DC-DBF771B3AEC7}.Release|x86.ActiveCfg = Debug|x86
		{FCDA18D8-4FD9-484B-B7DC-DBF771B3AEC7}.Release|x86.Build.0 = Debug|x86
		{494FD68A-38A7-4EEB-867A-44C2CDE13836}.Debug|Any CPU.ActiveCfg = Debug|Any CPU
		{494FD68A-38A7-4EEB-867A-44C2CDE13836}.Debug|Any CPU.Build.0 = Debug|Any CPU
		{494FD68A-38A7-4EEB-867A-44C2CDE13836}.Debug|x64.ActiveCfg = Debug|x64
		{494FD68A-38A7-4EEB-867A-44C2CDE13836}.Debug|x64.Build.0 = Debug|x64
		{494FD68A-38A7-4EEB-867A-44C2CDE13836}.Debug|x86.ActiveCfg = Debug|x86
		{494FD68A-38A7-4EEB-867A-44C2CDE13836}.Debug|x86.Build.0 = Debug|x86
		{494FD68A-38A7-4EEB-867A-44C2CDE13836}.Release|Any CPU.ActiveCfg = Release|Any CPU
		{494FD68A-38A7-4EEB-867A-44C2CDE13836}.Release|Any CPU.Build.0 = Release|Any CPU
		{494FD68A-38A7-4EEB-867A-44C2CDE13836}.Release|x64.ActiveCfg = Release|x64
		{494FD68A-38A7-4EEB-867A-44C2CDE13836}.Release|x64.Build.0 = Release|x64
		{494FD68A-38A7-4EEB-867A-44C2CDE13836}.Release|x86.ActiveCfg = Release|x86
		{494FD68A-38A7-4EEB-867A-44C2CDE13836}.Release|x86.Build.0 = Release|x86
		{E69F0C33-980E-4A6B-BAEA-B8D41A93A481}.Debug|Any CPU.ActiveCfg = Debug|Any CPU
		{E69F0C33-980E-4A6B-BAEA-B8D41A93A481}.Debug|Any CPU.Build.0 = Debug|Any CPU
		{E69F0C33-980E-4A6B-BAEA-B8D41A93A481}.Debug|x64.ActiveCfg = Debug|x64
		{E69F0C33-980E-4A6B-BAEA-B8D41A93A481}.Debug|x64.Build.0 = Debug|x64
		{E69F0C33-980E-4A6B-BAEA-B8D41A93A481}.Debug|x86.ActiveCfg = Debug|x86
		{E69F0C33-980E-4A6B-BAEA-B8D41A93A481}.Debug|x86.Build.0 = Debug|x86
		{E69F0C33-980E-4A6B-BAEA-B8D41A93A481}.Release|Any CPU.ActiveCfg = Release|Any CPU
		{E69F0C33-980E-4A6B-BAEA-B8D41A93A481}.Release|Any CPU.Build.0 = Release|Any CPU
		{E69F0C33-980E-4A6B-BAEA-B8D41A93A481}.Release|x64.ActiveCfg = Release|x64
		{E69F0C33-980E-4A6B-BAEA-B8D41A93A481}.Release|x64.Build.0 = Release|x64
		{E69F0C33-980E-4A6B-BAEA-B8D41A93A481}.Release|x86.ActiveCfg = Release|x86
		{E69F0C33-980E-4A6B-BAEA-B8D41A93A481}.Release|x86.Build.0 = Release|x86
	EndGlobalSection
	GlobalSection(SolutionProperties) = preSolution
		HideSolutionNode = FALSE
	EndGlobalSection
EndGlobal
