Microsoft Visual Studio Solution File, Format Version 12.00
# Visual Studio Version 16
VisualStudioVersion = 16.0.29009.5
MinimumVisualStudioVersion = 10.0.40219.1
Project("{9A19103F-16F7-4668-BE54-9A1E7A4F7556}") = "WPFSKillTree", "WPFSKillTree\WPFSKillTree.csproj", "{FCDA18D8-4FD9-484B-B7DC-DBF771B3AEC7}"
EndProject
Project("{9A19103F-16F7-4668-BE54-9A1E7A4F7556}") = "UpdateDB", "UpdateDB\UpdateDB.csproj", "{E69F0C33-980E-4A6B-BAEA-B8D41A93A481}"
EndProject
Project("{9A19103F-16F7-4668-BE54-9A1E7A4F7556}") = "WPFSKillTree.Tests", "WPFSKillTree.Tests\WPFSKillTree.Tests.csproj", "{172BA462-EB78-47C4-A85A-677FBD1A6A89}"
EndProject
Global
	GlobalSection(SolutionConfigurationPlatforms) = preSolution
		Debug|Any CPU = Debug|Any CPU
		Debug|x86 = Debug|x86
		Release|Any CPU = Release|Any CPU
		Release|x86 = Release|x86
	EndGlobalSection
	GlobalSection(ProjectConfigurationPlatforms) = postSolution
		{FCDA18D8-4FD9-484B-B7DC-DBF771B3AEC7}.Debug|Any CPU.ActiveCfg = Debug|Any CPU
		{FCDA18D8-4FD9-484B-B7DC-DBF771B3AEC7}.Debug|Any CPU.Build.0 = Debug|Any CPU
		{FCDA18D8-4FD9-484B-B7DC-DBF771B3AEC7}.Debug|x86.ActiveCfg = Debug|Any CPU
		{FCDA18D8-4FD9-484B-B7DC-DBF771B3AEC7}.Debug|x86.Build.0 = Debug|Any CPU
		{FCDA18D8-4FD9-484B-B7DC-DBF771B3AEC7}.Release|Any CPU.ActiveCfg = Release|Any CPU
		{FCDA18D8-4FD9-484B-B7DC-DBF771B3AEC7}.Release|Any CPU.Build.0 = Release|Any CPU
		{FCDA18D8-4FD9-484B-B7DC-DBF771B3AEC7}.Release|x86.ActiveCfg = Release|Any CPU
		{FCDA18D8-4FD9-484B-B7DC-DBF771B3AEC7}.Release|x86.Build.0 = Release|Any CPU
		{E69F0C33-980E-4A6B-BAEA-B8D41A93A481}.Debug|Any CPU.ActiveCfg = Debug|Any CPU
		{E69F0C33-980E-4A6B-BAEA-B8D41A93A481}.Debug|Any CPU.Build.0 = Debug|Any CPU
		{E69F0C33-980E-4A6B-BAEA-B8D41A93A481}.Debug|x86.ActiveCfg = Debug|Any CPU
		{E69F0C33-980E-4A6B-BAEA-B8D41A93A481}.Debug|x86.Build.0 = Debug|Any CPU
		{E69F0C33-980E-4A6B-BAEA-B8D41A93A481}.Release|Any CPU.ActiveCfg = Release|Any CPU
		{E69F0C33-980E-4A6B-BAEA-B8D41A93A481}.Release|Any CPU.Build.0 = Release|Any CPU
		{E69F0C33-980E-4A6B-BAEA-B8D41A93A481}.Release|x86.ActiveCfg = Release|Any CPU
		{E69F0C33-980E-4A6B-BAEA-B8D41A93A481}.Release|x86.Build.0 = Release|Any CPU
		{172BA462-EB78-47C4-A85A-677FBD1A6A89}.Debug|Any CPU.ActiveCfg = Debug|Any CPU
		{172BA462-EB78-47C4-A85A-677FBD1A6A89}.Debug|Any CPU.Build.0 = Debug|Any CPU
		{172BA462-EB78-47C4-A85A-677FBD1A6A89}.Debug|x86.ActiveCfg = Debug|Any CPU
		{172BA462-EB78-47C4-A85A-677FBD1A6A89}.Debug|x86.Build.0 = Debug|Any CPU
		{172BA462-EB78-47C4-A85A-677FBD1A6A89}.Release|Any CPU.ActiveCfg = Release|Any CPU
		{172BA462-EB78-47C4-A85A-677FBD1A6A89}.Release|Any CPU.Build.0 = Release|Any CPU
		{172BA462-EB78-47C4-A85A-677FBD1A6A89}.Release|x86.ActiveCfg = Release|Any CPU
		{172BA462-EB78-47C4-A85A-677FBD1A6A89}.Release|x86.Build.0 = Release|Any CPU
	EndGlobalSection
	GlobalSection(SolutionProperties) = preSolution
		HideSolutionNode = FALSE
	EndGlobalSection
	GlobalSection(ExtensibilityGlobals) = postSolution
		SolutionGuid = {4EB43752-7DA5-4EFF-839E-071F6D701D35}
	EndGlobalSection
EndGlobal
